
Microsoft Visual Studio Solution File, Format Version 12.00
# Visual Studio Version 17
VisualStudioVersion = 17.4.33213.308
MinimumVisualStudioVersion = 10.0.40219.1
Project("{FAE04EC0-301F-11D3-BF4B-00C04F79EFBC}") = "BlargleBrew", "BlargleBrew.csproj", "{AFA0418D-A91B-419F-A275-1408BE7388AA}"
EndProject
Global
	GlobalSection(SolutionConfigurationPlatforms) = preSolution
		Debug|Any CPU = Debug|Any CPU
		Release|Any CPU = Release|Any CPU
	EndGlobalSection
	GlobalSection(ProjectConfigurationPlatforms) = postSolution
		{AFA0418D-A91B-419F-A275-1408BE7388AA}.Debug|Any CPU.ActiveCfg = Debug|Any CPU
		{AFA0418D-A91B-419F-A275-1408BE7388AA}.Debug|Any CPU.Build.0 = Debug|Any CPU
		{AFA0418D-A91B-419F-A275-1408BE7388AA}.Release|Any CPU.ActiveCfg = Release|Any CPU
		{AFA0418D-A91B-419F-A275-1408BE7388AA}.Release|Any CPU.Build.0 = Release|Any CPU
	EndGlobalSection
	GlobalSection(SolutionProperties) = preSolution
		HideSolutionNode = FALSE
	EndGlobalSection
	GlobalSection(ExtensibilityGlobals) = postSolution
		SolutionGuid = {781DB2F2-6305-4A1D-BC20-EDF441CC1DCD}
	EndGlobalSection
EndGlobal
